// !$*UTF8*$!
{
	archiveVersion = 1;
	classes = {
	};
	objectVersion = 46;
	objects = {

/* Begin PBXBuildFile section */
		BE83B22B1CA18AAC00F80D10 /* CaseSensitiveMorpheme.swift in Sources */ = {isa = PBXBuildFile; fileRef = BE83B22A1CA18AAC00F80D10 /* CaseSensitiveMorpheme.swift */; };
		BE83B2311CA1987200F80D10 /* GeneralMorpheme.swift in Sources */ = {isa = PBXBuildFile; fileRef = BE83B2301CA1987200F80D10 /* GeneralMorpheme.swift */; };
		BE83B2341CA19D0F00F80D10 /* GeneralMorphemeTests.swift in Sources */ = {isa = PBXBuildFile; fileRef = BE83B2321CA19CB400F80D10 /* GeneralMorphemeTests.swift */; };
		BE83B2361CA1F29900F80D10 /* Entry.swift in Sources */ = {isa = PBXBuildFile; fileRef = BE83B2351CA1F29900F80D10 /* Entry.swift */; };
		BE83B2381CA1F34900F80D10 /* CaseSensitiveMorphemeTests.swift in Sources */ = {isa = PBXBuildFile; fileRef = BE83B2371CA1F34900F80D10 /* CaseSensitiveMorphemeTests.swift */; };
		BE83B23C1CA1F66500F80D10 /* Prioritied.swift in Sources */ = {isa = PBXBuildFile; fileRef = BE83B23B1CA1F66500F80D10 /* Prioritied.swift */; };
		BE83B23E1CA1F78100F80D10 /* EntryTests.swift in Sources */ = {isa = PBXBuildFile; fileRef = BE83B23D1CA1F78100F80D10 /* EntryTests.swift */; };
		BEAC67811CA2B930004D2EFE /* Vocabulaire.framework in Frameworks */ = {isa = PBXBuildFile; fileRef = BEAC67771CA2B930004D2EFE /* Vocabulaire.framework */; };
		BEAC678E1CA2B96E004D2EFE /* Vocabulaire.h in Headers */ = {isa = PBXBuildFile; fileRef = BEDE05CD1CA05C4E00D04EF7 /* Vocabulaire.h */; settings = {ATTRIBUTES = (Public, ); }; };
		BEAC678F1CA2B996004D2EFE /* GeneralMorphemeTests.swift in Sources */ = {isa = PBXBuildFile; fileRef = BE83B2321CA19CB400F80D10 /* GeneralMorphemeTests.swift */; };
		BEAC67901CA2B996004D2EFE /* CaseSensitiveMorphemeTests.swift in Sources */ = {isa = PBXBuildFile; fileRef = BE83B2371CA1F34900F80D10 /* CaseSensitiveMorphemeTests.swift */; };
		BEAC67911CA2B996004D2EFE /* EntryTests.swift in Sources */ = {isa = PBXBuildFile; fileRef = BE83B23D1CA1F78100F80D10 /* EntryTests.swift */; };
		BEAC67921CA2B9BF004D2EFE /* Entry.swift in Sources */ = {isa = PBXBuildFile; fileRef = BE83B2351CA1F29900F80D10 /* Entry.swift */; };
		BEAC67931CA2B9C2004D2EFE /* Lexeme.swift in Sources */ = {isa = PBXBuildFile; fileRef = BEDE05E41CA05E5900D04EF7 /* Lexeme.swift */; };
		BEAC67941CA2B9C4004D2EFE /* ForeignLexeme.swift in Sources */ = {isa = PBXBuildFile; fileRef = BECA57291CA07E6300757379 /* ForeignLexeme.swift */; };
		BEAC67951CA2B9C7004D2EFE /* NativeLexeme.swift in Sources */ = {isa = PBXBuildFile; fileRef = BECA572B1CA07EB700757379 /* NativeLexeme.swift */; };
		BEAC67961CA2B9CB004D2EFE /* Morpheme.swift in Sources */ = {isa = PBXBuildFile; fileRef = BEDE05E61CA0787F00D04EF7 /* Morpheme.swift */; };
		BEAC67971CA2B9CB004D2EFE /* GeneralMorpheme.swift in Sources */ = {isa = PBXBuildFile; fileRef = BE83B2301CA1987200F80D10 /* GeneralMorpheme.swift */; };
		BEAC67981CA2B9CB004D2EFE /* CaseSensitiveMorpheme.swift in Sources */ = {isa = PBXBuildFile; fileRef = BE83B22A1CA18AAC00F80D10 /* CaseSensitiveMorpheme.swift */; };
		BEAC67991CA2B9CB004D2EFE /* Prioritied.swift in Sources */ = {isa = PBXBuildFile; fileRef = BE83B23B1CA1F66500F80D10 /* Prioritied.swift */; };
		BEAC67A81CA2BBE4004D2EFE /* Vocabulaire.h in Headers */ = {isa = PBXBuildFile; fileRef = BEDE05CD1CA05C4E00D04EF7 /* Vocabulaire.h */; settings = {ATTRIBUTES = (Public, ); }; };
		BEAC67AA1CA2BD96004D2EFE /* Vocabulary.swift in Sources */ = {isa = PBXBuildFile; fileRef = BEAC67A91CA2BD96004D2EFE /* Vocabulary.swift */; };
		BEAC67AB1CA2BD96004D2EFE /* Vocabulary.swift in Sources */ = {isa = PBXBuildFile; fileRef = BEAC67A91CA2BD96004D2EFE /* Vocabulary.swift */; };
		BEAC67AC1CA2BD96004D2EFE /* Vocabulary.swift in Sources */ = {isa = PBXBuildFile; fileRef = BEAC67A91CA2BD96004D2EFE /* Vocabulary.swift */; };
		BEAC67AD1CA2C085004D2EFE /* Entry.swift in Sources */ = {isa = PBXBuildFile; fileRef = BE83B2351CA1F29900F80D10 /* Entry.swift */; };
		BEAC67AE1CA2C089004D2EFE /* Lexeme.swift in Sources */ = {isa = PBXBuildFile; fileRef = BEDE05E41CA05E5900D04EF7 /* Lexeme.swift */; };
		BEAC67AF1CA2C089004D2EFE /* ForeignLexeme.swift in Sources */ = {isa = PBXBuildFile; fileRef = BECA57291CA07E6300757379 /* ForeignLexeme.swift */; };
		BEAC67B01CA2C089004D2EFE /* NativeLexeme.swift in Sources */ = {isa = PBXBuildFile; fileRef = BECA572B1CA07EB700757379 /* NativeLexeme.swift */; };
		BEAC67B11CA2C08D004D2EFE /* Morpheme.swift in Sources */ = {isa = PBXBuildFile; fileRef = BEDE05E61CA0787F00D04EF7 /* Morpheme.swift */; };
		BEAC67B21CA2C08D004D2EFE /* GeneralMorpheme.swift in Sources */ = {isa = PBXBuildFile; fileRef = BE83B2301CA1987200F80D10 /* GeneralMorpheme.swift */; };
		BEAC67B31CA2C08D004D2EFE /* CaseSensitiveMorpheme.swift in Sources */ = {isa = PBXBuildFile; fileRef = BE83B22A1CA18AAC00F80D10 /* CaseSensitiveMorpheme.swift */; };
		BEAC67B41CA2C08D004D2EFE /* Prioritied.swift in Sources */ = {isa = PBXBuildFile; fileRef = BE83B23B1CA1F66500F80D10 /* Prioritied.swift */; };
		BEAC67B81CA31F03004D2EFE /* EntryProposal.swift in Sources */ = {isa = PBXBuildFile; fileRef = BEAC67B71CA31F03004D2EFE /* EntryProposal.swift */; };
		BEAC67B91CA31F03004D2EFE /* EntryProposal.swift in Sources */ = {isa = PBXBuildFile; fileRef = BEAC67B71CA31F03004D2EFE /* EntryProposal.swift */; };
		BEAC67BA1CA31F03004D2EFE /* EntryProposal.swift in Sources */ = {isa = PBXBuildFile; fileRef = BEAC67B71CA31F03004D2EFE /* EntryProposal.swift */; };
		BEAC67BC1CA320B2004D2EFE /* NativesProposal.swift in Sources */ = {isa = PBXBuildFile; fileRef = BEAC67BB1CA320B2004D2EFE /* NativesProposal.swift */; };
		BEAC67BD1CA320B2004D2EFE /* NativesProposal.swift in Sources */ = {isa = PBXBuildFile; fileRef = BEAC67BB1CA320B2004D2EFE /* NativesProposal.swift */; };
		BEAC67BE1CA320B2004D2EFE /* NativesProposal.swift in Sources */ = {isa = PBXBuildFile; fileRef = BEAC67BB1CA320B2004D2EFE /* NativesProposal.swift */; };
		BEAC67C01CA320C7004D2EFE /* User.swift in Sources */ = {isa = PBXBuildFile; fileRef = BEAC67BF1CA320C7004D2EFE /* User.swift */; };
		BEAC67C11CA320C7004D2EFE /* User.swift in Sources */ = {isa = PBXBuildFile; fileRef = BEAC67BF1CA320C7004D2EFE /* User.swift */; };
		BEAC67C21CA320C7004D2EFE /* User.swift in Sources */ = {isa = PBXBuildFile; fileRef = BEAC67BF1CA320C7004D2EFE /* User.swift */; };
		BECA572A1CA07E6300757379 /* ForeignLexeme.swift in Sources */ = {isa = PBXBuildFile; fileRef = BECA57291CA07E6300757379 /* ForeignLexeme.swift */; };
		BECA572C1CA07EB700757379 /* NativeLexeme.swift in Sources */ = {isa = PBXBuildFile; fileRef = BECA572B1CA07EB700757379 /* NativeLexeme.swift */; };
		BEDE05CE1CA05C4E00D04EF7 /* Vocabulaire.h in Headers */ = {isa = PBXBuildFile; fileRef = BEDE05CD1CA05C4E00D04EF7 /* Vocabulaire.h */; settings = {ATTRIBUTES = (Public, ); }; };
		BEDE05D51CA05C4F00D04EF7 /* Vocabulaire.framework in Frameworks */ = {isa = PBXBuildFile; fileRef = BEDE05CA1CA05C4E00D04EF7 /* Vocabulaire.framework */; };
		BEDE05E51CA05E5900D04EF7 /* Lexeme.swift in Sources */ = {isa = PBXBuildFile; fileRef = BEDE05E41CA05E5900D04EF7 /* Lexeme.swift */; };
		BEDE05E71CA0787F00D04EF7 /* Morpheme.swift in Sources */ = {isa = PBXBuildFile; fileRef = BEDE05E61CA0787F00D04EF7 /* Morpheme.swift */; };
		BEF2D7D21CA5325700172582 /* ClientEntryProposal.swift in Sources */ = {isa = PBXBuildFile; fileRef = BEF2D7D11CA5325700172582 /* ClientEntryProposal.swift */; };
		BEF2D7D31CA5325700172582 /* ClientEntryProposal.swift in Sources */ = {isa = PBXBuildFile; fileRef = BEF2D7D11CA5325700172582 /* ClientEntryProposal.swift */; };
		BEF2D7D41CA5325700172582 /* ClientEntryProposal.swift in Sources */ = {isa = PBXBuildFile; fileRef = BEF2D7D11CA5325700172582 /* ClientEntryProposal.swift */; };
		BEF2D7D61CA5326800172582 /* ServerEntryProposal.swift in Sources */ = {isa = PBXBuildFile; fileRef = BEF2D7D51CA5326800172582 /* ServerEntryProposal.swift */; };
		BEF2D7D71CA5326800172582 /* ServerEntryProposal.swift in Sources */ = {isa = PBXBuildFile; fileRef = BEF2D7D51CA5326800172582 /* ServerEntryProposal.swift */; };
		BEF2D7D81CA5326800172582 /* ServerEntryProposal.swift in Sources */ = {isa = PBXBuildFile; fileRef = BEF2D7D51CA5326800172582 /* ServerEntryProposal.swift */; };
/* End PBXBuildFile section */

/* Begin PBXContainerItemProxy section */
		BEAC67821CA2B930004D2EFE /* PBXContainerItemProxy */ = {
			isa = PBXContainerItemProxy;
			containerPortal = BEDE05C11CA05C4E00D04EF7 /* Project object */;
			proxyType = 1;
			remoteGlobalIDString = BEAC67761CA2B930004D2EFE;
			remoteInfo = "Vocabulaire iOS";
		};
		BEDE05D61CA05C4F00D04EF7 /* PBXContainerItemProxy */ = {
			isa = PBXContainerItemProxy;
			containerPortal = BEDE05C11CA05C4E00D04EF7 /* Project object */;
			proxyType = 1;
			remoteGlobalIDString = BEDE05C91CA05C4E00D04EF7;
			remoteInfo = QuCore;
		};
/* End PBXContainerItemProxy section */

/* Begin PBXFileReference section */
		BE83B22A1CA18AAC00F80D10 /* CaseSensitiveMorpheme.swift */ = {isa = PBXFileReference; fileEncoding = 4; lastKnownFileType = sourcecode.swift; path = CaseSensitiveMorpheme.swift; sourceTree = "<group>"; };
		BE83B2301CA1987200F80D10 /* GeneralMorpheme.swift */ = {isa = PBXFileReference; fileEncoding = 4; lastKnownFileType = sourcecode.swift; path = GeneralMorpheme.swift; sourceTree = "<group>"; };
		BE83B2321CA19CB400F80D10 /* GeneralMorphemeTests.swift */ = {isa = PBXFileReference; fileEncoding = 4; lastKnownFileType = sourcecode.swift; path = GeneralMorphemeTests.swift; sourceTree = "<group>"; };
		BE83B2351CA1F29900F80D10 /* Entry.swift */ = {isa = PBXFileReference; fileEncoding = 4; lastKnownFileType = sourcecode.swift; path = Entry.swift; sourceTree = "<group>"; };
		BE83B2371CA1F34900F80D10 /* CaseSensitiveMorphemeTests.swift */ = {isa = PBXFileReference; fileEncoding = 4; lastKnownFileType = sourcecode.swift; path = CaseSensitiveMorphemeTests.swift; sourceTree = "<group>"; };
		BE83B23B1CA1F66500F80D10 /* Prioritied.swift */ = {isa = PBXFileReference; fileEncoding = 4; lastKnownFileType = sourcecode.swift; path = Prioritied.swift; sourceTree = "<group>"; };
		BE83B23D1CA1F78100F80D10 /* EntryTests.swift */ = {isa = PBXFileReference; fileEncoding = 4; lastKnownFileType = sourcecode.swift; path = EntryTests.swift; sourceTree = "<group>"; };
		BEAC67771CA2B930004D2EFE /* Vocabulaire.framework */ = {isa = PBXFileReference; explicitFileType = wrapper.framework; includeInIndex = 0; path = Vocabulaire.framework; sourceTree = BUILT_PRODUCTS_DIR; };
		BEAC67801CA2B930004D2EFE /* Vocabulaire iOSTests.xctest */ = {isa = PBXFileReference; explicitFileType = wrapper.cfbundle; includeInIndex = 0; path = "Vocabulaire iOSTests.xctest"; sourceTree = BUILT_PRODUCTS_DIR; };
		BEAC679F1CA2BB5C004D2EFE /* Vocabulaire.framework */ = {isa = PBXFileReference; explicitFileType = wrapper.framework; includeInIndex = 0; path = Vocabulaire.framework; sourceTree = BUILT_PRODUCTS_DIR; };
		BEAC67A91CA2BD96004D2EFE /* Vocabulary.swift */ = {isa = PBXFileReference; fileEncoding = 4; lastKnownFileType = sourcecode.swift; path = Vocabulary.swift; sourceTree = "<group>"; usesTabs = 0; };
		BEAC67B71CA31F03004D2EFE /* EntryProposal.swift */ = {isa = PBXFileReference; fileEncoding = 4; lastKnownFileType = sourcecode.swift; name = EntryProposal.swift; path = Requests/EntryProposal.swift; sourceTree = "<group>"; };
		BEAC67BB1CA320B2004D2EFE /* NativesProposal.swift */ = {isa = PBXFileReference; fileEncoding = 4; lastKnownFileType = sourcecode.swift; path = NativesProposal.swift; sourceTree = "<group>"; };
		BEAC67BF1CA320C7004D2EFE /* User.swift */ = {isa = PBXFileReference; fileEncoding = 4; lastKnownFileType = sourcecode.swift; path = User.swift; sourceTree = "<group>"; };
		BECA57291CA07E6300757379 /* ForeignLexeme.swift */ = {isa = PBXFileReference; fileEncoding = 4; lastKnownFileType = sourcecode.swift; path = ForeignLexeme.swift; sourceTree = "<group>"; };
		BECA572B1CA07EB700757379 /* NativeLexeme.swift */ = {isa = PBXFileReference; fileEncoding = 4; lastKnownFileType = sourcecode.swift; path = NativeLexeme.swift; sourceTree = "<group>"; };
		BEDE05CA1CA05C4E00D04EF7 /* Vocabulaire.framework */ = {isa = PBXFileReference; explicitFileType = wrapper.framework; includeInIndex = 0; path = Vocabulaire.framework; sourceTree = BUILT_PRODUCTS_DIR; };
		BEDE05CD1CA05C4E00D04EF7 /* Vocabulaire.h */ = {isa = PBXFileReference; lastKnownFileType = sourcecode.c.h; path = Vocabulaire.h; sourceTree = "<group>"; };
		BEDE05CF1CA05C4E00D04EF7 /* Info.plist */ = {isa = PBXFileReference; lastKnownFileType = text.plist.xml; path = Info.plist; sourceTree = "<group>"; };
		BEDE05D41CA05C4F00D04EF7 /* VocabulaireTests.xctest */ = {isa = PBXFileReference; explicitFileType = wrapper.cfbundle; includeInIndex = 0; path = VocabulaireTests.xctest; sourceTree = BUILT_PRODUCTS_DIR; };
		BEDE05DB1CA05C4F00D04EF7 /* Info.plist */ = {isa = PBXFileReference; lastKnownFileType = text.plist.xml; path = Info.plist; sourceTree = "<group>"; };
		BEDE05E41CA05E5900D04EF7 /* Lexeme.swift */ = {isa = PBXFileReference; fileEncoding = 4; lastKnownFileType = sourcecode.swift; path = Lexeme.swift; sourceTree = "<group>"; };
		BEDE05E61CA0787F00D04EF7 /* Morpheme.swift */ = {isa = PBXFileReference; fileEncoding = 4; lastKnownFileType = sourcecode.swift; path = Morpheme.swift; sourceTree = "<group>"; };
		BEF2D7D11CA5325700172582 /* ClientEntryProposal.swift */ = {isa = PBXFileReference; fileEncoding = 4; lastKnownFileType = sourcecode.swift; path = ClientEntryProposal.swift; sourceTree = "<group>"; };
		BEF2D7D51CA5326800172582 /* ServerEntryProposal.swift */ = {isa = PBXFileReference; fileEncoding = 4; lastKnownFileType = sourcecode.swift; path = ServerEntryProposal.swift; sourceTree = "<group>"; };
/* End PBXFileReference section */

/* Begin PBXFrameworksBuildPhase section */
		BEAC67731CA2B930004D2EFE /* Frameworks */ = {
			isa = PBXFrameworksBuildPhase;
			buildActionMask = 2147483647;
			files = (
			);
			runOnlyForDeploymentPostprocessing = 0;
		};
		BEAC677D1CA2B930004D2EFE /* Frameworks */ = {
			isa = PBXFrameworksBuildPhase;
			buildActionMask = 2147483647;
			files = (
				BEAC67811CA2B930004D2EFE /* Vocabulaire.framework in Frameworks */,
			);
			runOnlyForDeploymentPostprocessing = 0;
		};
		BEAC679B1CA2BB5C004D2EFE /* Frameworks */ = {
			isa = PBXFrameworksBuildPhase;
			buildActionMask = 2147483647;
			files = (
			);
			runOnlyForDeploymentPostprocessing = 0;
		};
		BEDE05C61CA05C4E00D04EF7 /* Frameworks */ = {
			isa = PBXFrameworksBuildPhase;
			buildActionMask = 2147483647;
			files = (
			);
			runOnlyForDeploymentPostprocessing = 0;
		};
		BEDE05D11CA05C4F00D04EF7 /* Frameworks */ = {
			isa = PBXFrameworksBuildPhase;
			buildActionMask = 2147483647;
			files = (
				BEDE05D51CA05C4F00D04EF7 /* Vocabulaire.framework in Frameworks */,
			);
			runOnlyForDeploymentPostprocessing = 0;
		};
/* End PBXFrameworksBuildPhase section */

/* Begin PBXGroup section */
		BE83B22C1CA18AC300F80D10 /* Morpheme */ = {
			isa = PBXGroup;
			children = (
				BEDE05E61CA0787F00D04EF7 /* Morpheme.swift */,
				BE83B2301CA1987200F80D10 /* GeneralMorpheme.swift */,
				BE83B22A1CA18AAC00F80D10 /* CaseSensitiveMorpheme.swift */,
			);
			path = Morpheme;
			sourceTree = "<group>";
		};
		BE83B22D1CA18ACD00F80D10 /* Resources */ = {
			isa = PBXGroup;
			children = (
				BEDE05CF1CA05C4E00D04EF7 /* Info.plist */,
				BEDE05CD1CA05C4E00D04EF7 /* Vocabulaire.h */,
			);
			path = Resources;
			sourceTree = "<group>";
		};
		BE83B22E1CA18AE000F80D10 /* Lexeme */ = {
			isa = PBXGroup;
			children = (
				BEDE05E41CA05E5900D04EF7 /* Lexeme.swift */,
				BECA57291CA07E6300757379 /* ForeignLexeme.swift */,
				BECA572B1CA07EB700757379 /* NativeLexeme.swift */,
				BE83B23B1CA1F66500F80D10 /* Prioritied.swift */,
			);
			path = Lexeme;
			sourceTree = "<group>";
		};
		BE83B22F1CA1974D00F80D10 /* Vocabulaire */ = {
			isa = PBXGroup;
			children = (
				BEAC67A91CA2BD96004D2EFE /* Vocabulary.swift */,
				BE83B2351CA1F29900F80D10 /* Entry.swift */,
				BEAC67BF1CA320C7004D2EFE /* User.swift */,
				BE83B22E1CA18AE000F80D10 /* Lexeme */,
				BE83B22C1CA18AC300F80D10 /* Morpheme */,
				BEAC67B61CA31ECD004D2EFE /* Proposals */,
			);
			path = Vocabulaire;
			sourceTree = "<group>";
		};
		BEAC67B61CA31ECD004D2EFE /* Proposals */ = {
			isa = PBXGroup;
			children = (
				BEF2D7D01CA5323200172582 /* EntryProposals */,
				BEAC67BB1CA320B2004D2EFE /* NativesProposal.swift */,
			);
			name = Proposals;
			path = Requests;
			sourceTree = "<group>";
		};
		BEDE05C01CA05C4E00D04EF7 = {
			isa = PBXGroup;
			children = (
				BEDE05CC1CA05C4E00D04EF7 /* Sources */,
				BEDE05D81CA05C4F00D04EF7 /* Tests */,
				BE83B22D1CA18ACD00F80D10 /* Resources */,
				BEDE05CB1CA05C4E00D04EF7 /* Products */,
			);
			sourceTree = "<group>";
		};
		BEDE05CB1CA05C4E00D04EF7 /* Products */ = {
			isa = PBXGroup;
			children = (
				BEDE05CA1CA05C4E00D04EF7 /* Vocabulaire.framework */,
				BEDE05D41CA05C4F00D04EF7 /* VocabulaireTests.xctest */,
				BEAC67771CA2B930004D2EFE /* Vocabulaire.framework */,
				BEAC67801CA2B930004D2EFE /* Vocabulaire iOSTests.xctest */,
				BEAC679F1CA2BB5C004D2EFE /* Vocabulaire.framework */,
			);
			name = Products;
			sourceTree = "<group>";
		};
		BEDE05CC1CA05C4E00D04EF7 /* Sources */ = {
			isa = PBXGroup;
			children = (
				BE83B22F1CA1974D00F80D10 /* Vocabulaire */,
			);
			path = Sources;
			sourceTree = "<group>";
		};
		BEDE05D81CA05C4F00D04EF7 /* Tests */ = {
			isa = PBXGroup;
			children = (
				BEDE05DB1CA05C4F00D04EF7 /* Info.plist */,
				BE83B2321CA19CB400F80D10 /* GeneralMorphemeTests.swift */,
				BE83B2371CA1F34900F80D10 /* CaseSensitiveMorphemeTests.swift */,
				BE83B23D1CA1F78100F80D10 /* EntryTests.swift */,
			);
			path = Tests;
			sourceTree = "<group>";
		};
		BEF2D7D01CA5323200172582 /* EntryProposals */ = {
			isa = PBXGroup;
			children = (
				BEAC67B71CA31F03004D2EFE /* EntryProposal.swift */,
				BEF2D7D11CA5325700172582 /* ClientEntryProposal.swift */,
				BEF2D7D51CA5326800172582 /* ServerEntryProposal.swift */,
			);
			name = EntryProposals;
			path = ..;
			sourceTree = "<group>";
		};
/* End PBXGroup section */

/* Begin PBXHeadersBuildPhase section */
		BEAC67741CA2B930004D2EFE /* Headers */ = {
			isa = PBXHeadersBuildPhase;
			buildActionMask = 2147483647;
			files = (
				BEAC678E1CA2B96E004D2EFE /* Vocabulaire.h in Headers */,
			);
			runOnlyForDeploymentPostprocessing = 0;
		};
		BEAC679C1CA2BB5C004D2EFE /* Headers */ = {
			isa = PBXHeadersBuildPhase;
			buildActionMask = 2147483647;
			files = (
				BEAC67A81CA2BBE4004D2EFE /* Vocabulaire.h in Headers */,
			);
			runOnlyForDeploymentPostprocessing = 0;
		};
		BEDE05C71CA05C4E00D04EF7 /* Headers */ = {
			isa = PBXHeadersBuildPhase;
			buildActionMask = 2147483647;
			files = (
				BEDE05CE1CA05C4E00D04EF7 /* Vocabulaire.h in Headers */,
			);
			runOnlyForDeploymentPostprocessing = 0;
		};
/* End PBXHeadersBuildPhase section */

/* Begin PBXNativeTarget section */
		BEAC67761CA2B930004D2EFE /* Vocabulaire iOS */ = {
			isa = PBXNativeTarget;
			buildConfigurationList = BEAC67881CA2B930004D2EFE /* Build configuration list for PBXNativeTarget "Vocabulaire iOS" */;
			buildPhases = (
				BEAC67721CA2B930004D2EFE /* Sources */,
				BEAC67731CA2B930004D2EFE /* Frameworks */,
				BEAC67741CA2B930004D2EFE /* Headers */,
				BEAC67751CA2B930004D2EFE /* Resources */,
			);
			buildRules = (
			);
			dependencies = (
			);
			name = "Vocabulaire iOS";
			productName = "Vocabulaire iOS";
			productReference = BEAC67771CA2B930004D2EFE /* Vocabulaire.framework */;
			productType = "com.apple.product-type.framework";
		};
		BEAC677F1CA2B930004D2EFE /* Vocabulaire iOSTests */ = {
			isa = PBXNativeTarget;
			buildConfigurationList = BEAC678B1CA2B930004D2EFE /* Build configuration list for PBXNativeTarget "Vocabulaire iOSTests" */;
			buildPhases = (
				BEAC677C1CA2B930004D2EFE /* Sources */,
				BEAC677D1CA2B930004D2EFE /* Frameworks */,
				BEAC677E1CA2B930004D2EFE /* Resources */,
			);
			buildRules = (
			);
			dependencies = (
				BEAC67831CA2B930004D2EFE /* PBXTargetDependency */,
			);
			name = "Vocabulaire iOSTests";
			productName = "Vocabulaire iOSTests";
			productReference = BEAC67801CA2B930004D2EFE /* Vocabulaire iOSTests.xctest */;
			productType = "com.apple.product-type.bundle.unit-test";
		};
		BEAC679E1CA2BB5C004D2EFE /* Vocabulaire watchOS */ = {
			isa = PBXNativeTarget;
			buildConfigurationList = BEAC67A61CA2BB5C004D2EFE /* Build configuration list for PBXNativeTarget "Vocabulaire watchOS" */;
			buildPhases = (
				BEAC679A1CA2BB5C004D2EFE /* Sources */,
				BEAC679B1CA2BB5C004D2EFE /* Frameworks */,
				BEAC679C1CA2BB5C004D2EFE /* Headers */,
				BEAC679D1CA2BB5C004D2EFE /* Resources */,
			);
			buildRules = (
			);
			dependencies = (
			);
			name = "Vocabulaire watchOS";
			productName = "Vocabulaire watchOS";
			productReference = BEAC679F1CA2BB5C004D2EFE /* Vocabulaire.framework */;
			productType = "com.apple.product-type.framework";
		};
		BEDE05C91CA05C4E00D04EF7 /* Vocabulaire */ = {
			isa = PBXNativeTarget;
			buildConfigurationList = BEDE05DE1CA05C4F00D04EF7 /* Build configuration list for PBXNativeTarget "Vocabulaire" */;
			buildPhases = (
				BEDE05C51CA05C4E00D04EF7 /* Sources */,
				BEDE05C61CA05C4E00D04EF7 /* Frameworks */,
				BEDE05C71CA05C4E00D04EF7 /* Headers */,
				BEDE05C81CA05C4E00D04EF7 /* Resources */,
			);
			buildRules = (
			);
			dependencies = (
			);
			name = Vocabulaire;
			productName = QuCore;
			productReference = BEDE05CA1CA05C4E00D04EF7 /* Vocabulaire.framework */;
			productType = "com.apple.product-type.framework";
		};
		BEDE05D31CA05C4F00D04EF7 /* VocabulaireTests */ = {
			isa = PBXNativeTarget;
			buildConfigurationList = BEDE05E11CA05C4F00D04EF7 /* Build configuration list for PBXNativeTarget "VocabulaireTests" */;
			buildPhases = (
				BEDE05D01CA05C4F00D04EF7 /* Sources */,
				BEDE05D11CA05C4F00D04EF7 /* Frameworks */,
				BEDE05D21CA05C4F00D04EF7 /* Resources */,
			);
			buildRules = (
			);
			dependencies = (
				BEDE05D71CA05C4F00D04EF7 /* PBXTargetDependency */,
			);
			name = VocabulaireTests;
			productName = QuCoreTests;
			productReference = BEDE05D41CA05C4F00D04EF7 /* VocabulaireTests.xctest */;
			productType = "com.apple.product-type.bundle.unit-test";
		};
/* End PBXNativeTarget section */

/* Begin PBXProject section */
		BEDE05C11CA05C4E00D04EF7 /* Project object */ = {
			isa = PBXProject;
			attributes = {
				LastSwiftUpdateCheck = 0730;
				LastUpgradeCheck = 0720;
				ORGANIZATIONNAME = "Oleg Dreyman";
				TargetAttributes = {
					BEAC67761CA2B930004D2EFE = {
						CreatedOnToolsVersion = 7.3;
					};
					BEAC677F1CA2B930004D2EFE = {
						CreatedOnToolsVersion = 7.3;
					};
					BEAC679E1CA2BB5C004D2EFE = {
						CreatedOnToolsVersion = 7.3;
					};
					BEDE05C91CA05C4E00D04EF7 = {
						CreatedOnToolsVersion = 7.2.1;
					};
					BEDE05D31CA05C4F00D04EF7 = {
						CreatedOnToolsVersion = 7.2.1;
					};
				};
			};
			buildConfigurationList = BEDE05C41CA05C4E00D04EF7 /* Build configuration list for PBXProject "Vocabulaire" */;
			compatibilityVersion = "Xcode 3.2";
			developmentRegion = English;
			hasScannedForEncodings = 0;
			knownRegions = (
				en,
			);
			mainGroup = BEDE05C01CA05C4E00D04EF7;
			productRefGroup = BEDE05CB1CA05C4E00D04EF7 /* Products */;
			projectDirPath = "";
			projectRoot = "";
			targets = (
				BEDE05C91CA05C4E00D04EF7 /* Vocabulaire */,
				BEDE05D31CA05C4F00D04EF7 /* VocabulaireTests */,
				BEAC67761CA2B930004D2EFE /* Vocabulaire iOS */,
				BEAC677F1CA2B930004D2EFE /* Vocabulaire iOSTests */,
				BEAC679E1CA2BB5C004D2EFE /* Vocabulaire watchOS */,
			);
		};
/* End PBXProject section */

/* Begin PBXResourcesBuildPhase section */
		BEAC67751CA2B930004D2EFE /* Resources */ = {
			isa = PBXResourcesBuildPhase;
			buildActionMask = 2147483647;
			files = (
			);
			runOnlyForDeploymentPostprocessing = 0;
		};
		BEAC677E1CA2B930004D2EFE /* Resources */ = {
			isa = PBXResourcesBuildPhase;
			buildActionMask = 2147483647;
			files = (
			);
			runOnlyForDeploymentPostprocessing = 0;
		};
		BEAC679D1CA2BB5C004D2EFE /* Resources */ = {
			isa = PBXResourcesBuildPhase;
			buildActionMask = 2147483647;
			files = (
			);
			runOnlyForDeploymentPostprocessing = 0;
		};
		BEDE05C81CA05C4E00D04EF7 /* Resources */ = {
			isa = PBXResourcesBuildPhase;
			buildActionMask = 2147483647;
			files = (
			);
			runOnlyForDeploymentPostprocessing = 0;
		};
		BEDE05D21CA05C4F00D04EF7 /* Resources */ = {
			isa = PBXResourcesBuildPhase;
			buildActionMask = 2147483647;
			files = (
			);
			runOnlyForDeploymentPostprocessing = 0;
		};
/* End PBXResourcesBuildPhase section */

/* Begin PBXSourcesBuildPhase section */
		BEAC67721CA2B930004D2EFE /* Sources */ = {
			isa = PBXSourcesBuildPhase;
			buildActionMask = 2147483647;
			files = (
				BEAC67951CA2B9C7004D2EFE /* NativeLexeme.swift in Sources */,
				BEAC67921CA2B9BF004D2EFE /* Entry.swift in Sources */,
				BEAC67AB1CA2BD96004D2EFE /* Vocabulary.swift in Sources */,
				BEAC67961CA2B9CB004D2EFE /* Morpheme.swift in Sources */,
				BEAC67931CA2B9C2004D2EFE /* Lexeme.swift in Sources */,
				BEF2D7D71CA5326800172582 /* ServerEntryProposal.swift in Sources */,
				BEAC67BD1CA320B2004D2EFE /* NativesProposal.swift in Sources */,
				BEAC67971CA2B9CB004D2EFE /* GeneralMorpheme.swift in Sources */,
				BEAC67B91CA31F03004D2EFE /* EntryProposal.swift in Sources */,
				BEF2D7D31CA5325700172582 /* ClientEntryProposal.swift in Sources */,
				BEAC67C11CA320C7004D2EFE /* User.swift in Sources */,
				BEAC67981CA2B9CB004D2EFE /* CaseSensitiveMorpheme.swift in Sources */,
				BEAC67991CA2B9CB004D2EFE /* Prioritied.swift in Sources */,
				BEAC67941CA2B9C4004D2EFE /* ForeignLexeme.swift in Sources */,
			);
			runOnlyForDeploymentPostprocessing = 0;
		};
		BEAC677C1CA2B930004D2EFE /* Sources */ = {
			isa = PBXSourcesBuildPhase;
			buildActionMask = 2147483647;
			files = (
				BEAC67901CA2B996004D2EFE /* CaseSensitiveMorphemeTests.swift in Sources */,
				BEAC678F1CA2B996004D2EFE /* GeneralMorphemeTests.swift in Sources */,
				BEAC67911CA2B996004D2EFE /* EntryTests.swift in Sources */,
			);
			runOnlyForDeploymentPostprocessing = 0;
		};
		BEAC679A1CA2BB5C004D2EFE /* Sources */ = {
			isa = PBXSourcesBuildPhase;
			buildActionMask = 2147483647;
			files = (
				BEAC67AF1CA2C089004D2EFE /* ForeignLexeme.swift in Sources */,
				BEAC67AD1CA2C085004D2EFE /* Entry.swift in Sources */,
				BEAC67AC1CA2BD96004D2EFE /* Vocabulary.swift in Sources */,
				BEAC67AE1CA2C089004D2EFE /* Lexeme.swift in Sources */,
				BEAC67B31CA2C08D004D2EFE /* CaseSensitiveMorpheme.swift in Sources */,
				BEF2D7D81CA5326800172582 /* ServerEntryProposal.swift in Sources */,
				BEAC67BE1CA320B2004D2EFE /* NativesProposal.swift in Sources */,
				BEAC67B01CA2C089004D2EFE /* NativeLexeme.swift in Sources */,
				BEAC67BA1CA31F03004D2EFE /* EntryProposal.swift in Sources */,
				BEF2D7D41CA5325700172582 /* ClientEntryProposal.swift in Sources */,
				BEAC67C21CA320C7004D2EFE /* User.swift in Sources */,
				BEAC67B21CA2C08D004D2EFE /* GeneralMorpheme.swift in Sources */,
				BEAC67B41CA2C08D004D2EFE /* Prioritied.swift in Sources */,
				BEAC67B11CA2C08D004D2EFE /* Morpheme.swift in Sources */,
			);
			runOnlyForDeploymentPostprocessing = 0;
		};
		BEDE05C51CA05C4E00D04EF7 /* Sources */ = {
			isa = PBXSourcesBuildPhase;
			buildActionMask = 2147483647;
			files = (
				BE83B2361CA1F29900F80D10 /* Entry.swift in Sources */,
				BECA572C1CA07EB700757379 /* NativeLexeme.swift in Sources */,
				BEAC67AA1CA2BD96004D2EFE /* Vocabulary.swift in Sources */,
				BEDE05E51CA05E5900D04EF7 /* Lexeme.swift in Sources */,
				BEDE05E71CA0787F00D04EF7 /* Morpheme.swift in Sources */,
				BEF2D7D61CA5326800172582 /* ServerEntryProposal.swift in Sources */,
				BEAC67BC1CA320B2004D2EFE /* NativesProposal.swift in Sources */,
				BE83B22B1CA18AAC00F80D10 /* CaseSensitiveMorpheme.swift in Sources */,
				BEAC67B81CA31F03004D2EFE /* EntryProposal.swift in Sources */,
				BEF2D7D21CA5325700172582 /* ClientEntryProposal.swift in Sources */,
				BEAC67C01CA320C7004D2EFE /* User.swift in Sources */,
				BE83B2311CA1987200F80D10 /* GeneralMorpheme.swift in Sources */,
				BE83B23C1CA1F66500F80D10 /* Prioritied.swift in Sources */,
				BECA572A1CA07E6300757379 /* ForeignLexeme.swift in Sources */,
			);
			runOnlyForDeploymentPostprocessing = 0;
		};
		BEDE05D01CA05C4F00D04EF7 /* Sources */ = {
			isa = PBXSourcesBuildPhase;
			buildActionMask = 2147483647;
			files = (
				BE83B2381CA1F34900F80D10 /* CaseSensitiveMorphemeTests.swift in Sources */,
				BE83B2341CA19D0F00F80D10 /* GeneralMorphemeTests.swift in Sources */,
				BE83B23E1CA1F78100F80D10 /* EntryTests.swift in Sources */,
			);
			runOnlyForDeploymentPostprocessing = 0;
		};
/* End PBXSourcesBuildPhase section */

/* Begin PBXTargetDependency section */
		BEAC67831CA2B930004D2EFE /* PBXTargetDependency */ = {
			isa = PBXTargetDependency;
			target = BEAC67761CA2B930004D2EFE /* Vocabulaire iOS */;
			targetProxy = BEAC67821CA2B930004D2EFE /* PBXContainerItemProxy */;
		};
		BEDE05D71CA05C4F00D04EF7 /* PBXTargetDependency */ = {
			isa = PBXTargetDependency;
			target = BEDE05C91CA05C4E00D04EF7 /* Vocabulaire */;
			targetProxy = BEDE05D61CA05C4F00D04EF7 /* PBXContainerItemProxy */;
		};
/* End PBXTargetDependency section */

/* Begin XCBuildConfiguration section */
		BEAC67891CA2B930004D2EFE /* Debug */ = {
			isa = XCBuildConfiguration;
			buildSettings = {
				APPLICATION_EXTENSION_API_ONLY = YES;
				CLANG_ANALYZER_NONNULL = YES;
				"CODE_SIGN_IDENTITY[sdk=iphoneos*]" = "iPhone Developer";
				DEFINES_MODULE = YES;
				DYLIB_COMPATIBILITY_VERSION = 1;
				DYLIB_CURRENT_VERSION = 1;
				DYLIB_INSTALL_NAME_BASE = "@rpath";
				INFOPLIST_FILE = Resources/Info.plist;
				INSTALL_PATH = "$(LOCAL_LIBRARY_DIR)/Frameworks";
				IPHONEOS_DEPLOYMENT_TARGET = 8.0;
				LD_RUNPATH_SEARCH_PATHS = "$(inherited) @executable_path/Frameworks @loader_path/Frameworks";
				PRODUCT_BUNDLE_IDENTIFIER = com.dreymonde.Vocabulaire;
				PRODUCT_NAME = Vocabulaire;
				SDKROOT = iphoneos;
				SKIP_INSTALL = YES;
				TARGETED_DEVICE_FAMILY = "1,2";
			};
			name = Debug;
		};
		BEAC678A1CA2B930004D2EFE /* Release */ = {
			isa = XCBuildConfiguration;
			buildSettings = {
				APPLICATION_EXTENSION_API_ONLY = YES;
				CLANG_ANALYZER_NONNULL = YES;
				"CODE_SIGN_IDENTITY[sdk=iphoneos*]" = "iPhone Developer";
				DEFINES_MODULE = YES;
				DYLIB_COMPATIBILITY_VERSION = 1;
				DYLIB_CURRENT_VERSION = 1;
				DYLIB_INSTALL_NAME_BASE = "@rpath";
				INFOPLIST_FILE = Resources/Info.plist;
				INSTALL_PATH = "$(LOCAL_LIBRARY_DIR)/Frameworks";
				IPHONEOS_DEPLOYMENT_TARGET = 8.0;
				LD_RUNPATH_SEARCH_PATHS = "$(inherited) @executable_path/Frameworks @loader_path/Frameworks";
				PRODUCT_BUNDLE_IDENTIFIER = com.dreymonde.Vocabulaire;
				PRODUCT_NAME = Vocabulaire;
				SDKROOT = iphoneos;
				SKIP_INSTALL = YES;
				TARGETED_DEVICE_FAMILY = "1,2";
				VALIDATE_PRODUCT = YES;
			};
			name = Release;
		};
		BEAC678C1CA2B930004D2EFE /* Debug */ = {
			isa = XCBuildConfiguration;
			buildSettings = {
				CLANG_ANALYZER_NONNULL = YES;
				"CODE_SIGN_IDENTITY[sdk=iphoneos*]" = "iPhone Developer";
				INFOPLIST_FILE = Tests/Info.plist;
				IPHONEOS_DEPLOYMENT_TARGET = 9.3;
				LD_RUNPATH_SEARCH_PATHS = "$(inherited) @executable_path/Frameworks @loader_path/Frameworks";
				PRODUCT_BUNDLE_IDENTIFIER = "com.dreymonde.Vocabulaire-iOSTests";
				PRODUCT_NAME = "$(TARGET_NAME)";
				SDKROOT = iphoneos;
			};
			name = Debug;
		};
		BEAC678D1CA2B930004D2EFE /* Release */ = {
			isa = XCBuildConfiguration;
			buildSettings = {
				CLANG_ANALYZER_NONNULL = YES;
				"CODE_SIGN_IDENTITY[sdk=iphoneos*]" = "iPhone Developer";
				INFOPLIST_FILE = Tests/Info.plist;
				IPHONEOS_DEPLOYMENT_TARGET = 9.3;
				LD_RUNPATH_SEARCH_PATHS = "$(inherited) @executable_path/Frameworks @loader_path/Frameworks";
				PRODUCT_BUNDLE_IDENTIFIER = "com.dreymonde.Vocabulaire-iOSTests";
				PRODUCT_NAME = "$(TARGET_NAME)";
				SDKROOT = iphoneos;
				VALIDATE_PRODUCT = YES;
			};
			name = Release;
		};
		BEAC67A41CA2BB5C004D2EFE /* Debug */ = {
			isa = XCBuildConfiguration;
			buildSettings = {
				APPLICATION_EXTENSION_API_ONLY = YES;
				CLANG_ANALYZER_NONNULL = YES;
				CLANG_ENABLE_MODULES = YES;
				DEFINES_MODULE = YES;
				DYLIB_COMPATIBILITY_VERSION = 1;
				DYLIB_CURRENT_VERSION = 1;
				DYLIB_INSTALL_NAME_BASE = "@rpath";
				INFOPLIST_FILE = Resources/Info.plist;
				INSTALL_PATH = "$(LOCAL_LIBRARY_DIR)/Frameworks";
				LD_RUNPATH_SEARCH_PATHS = "$(inherited) @executable_path/Frameworks @loader_path/Frameworks";
				PRODUCT_BUNDLE_IDENTIFIER = com.dreymonde.Vocabulaire;
				PRODUCT_NAME = Vocabulaire;
				SDKROOT = watchos;
				SKIP_INSTALL = YES;
				SWIFT_OPTIMIZATION_LEVEL = "-Onone";
				TARGETED_DEVICE_FAMILY = 4;
				WATCHOS_DEPLOYMENT_TARGET = 2.0;
			};
			name = Debug;
		};
		BEAC67A51CA2BB5C004D2EFE /* Release */ = {
			isa = XCBuildConfiguration;
			buildSettings = {
				APPLICATION_EXTENSION_API_ONLY = YES;
				CLANG_ANALYZER_NONNULL = YES;
				CLANG_ENABLE_MODULES = YES;
				DEFINES_MODULE = YES;
				DYLIB_COMPATIBILITY_VERSION = 1;
				DYLIB_CURRENT_VERSION = 1;
				DYLIB_INSTALL_NAME_BASE = "@rpath";
				INFOPLIST_FILE = Resources/Info.plist;
				INSTALL_PATH = "$(LOCAL_LIBRARY_DIR)/Frameworks";
				LD_RUNPATH_SEARCH_PATHS = "$(inherited) @executable_path/Frameworks @loader_path/Frameworks";
				PRODUCT_BUNDLE_IDENTIFIER = com.dreymonde.Vocabulaire;
				PRODUCT_NAME = Vocabulaire;
				SDKROOT = watchos;
				SKIP_INSTALL = YES;
				TARGETED_DEVICE_FAMILY = 4;
				VALIDATE_PRODUCT = YES;
				WATCHOS_DEPLOYMENT_TARGET = 2.0;
			};
			name = Release;
		};
		BEDE05DC1CA05C4F00D04EF7 /* Debug */ = {
			isa = XCBuildConfiguration;
			buildSettings = {
				ALWAYS_SEARCH_USER_PATHS = NO;
				CLANG_CXX_LANGUAGE_STANDARD = "gnu++0x";
				CLANG_CXX_LIBRARY = "libc++";
				CLANG_ENABLE_MODULES = YES;
				CLANG_ENABLE_OBJC_ARC = YES;
				CLANG_WARN_BOOL_CONVERSION = YES;
				CLANG_WARN_CONSTANT_CONVERSION = YES;
				CLANG_WARN_DIRECT_OBJC_ISA_USAGE = YES_ERROR;
				CLANG_WARN_EMPTY_BODY = YES;
				CLANG_WARN_ENUM_CONVERSION = YES;
				CLANG_WARN_INT_CONVERSION = YES;
				CLANG_WARN_OBJC_ROOT_CLASS = YES_ERROR;
				CLANG_WARN_UNREACHABLE_CODE = YES;
				CLANG_WARN__DUPLICATE_METHOD_MATCH = YES;
				CODE_SIGN_IDENTITY = "-";
				COPY_PHASE_STRIP = NO;
				CURRENT_PROJECT_VERSION = 1;
				DEBUG_INFORMATION_FORMAT = dwarf;
				ENABLE_STRICT_OBJC_MSGSEND = YES;
				ENABLE_TESTABILITY = YES;
				GCC_C_LANGUAGE_STANDARD = gnu99;
				GCC_DYNAMIC_NO_PIC = NO;
				GCC_NO_COMMON_BLOCKS = YES;
				GCC_OPTIMIZATION_LEVEL = 0;
				GCC_PREPROCESSOR_DEFINITIONS = (
					"DEBUG=1",
					"$(inherited)",
				);
				GCC_WARN_64_TO_32_BIT_CONVERSION = YES;
				GCC_WARN_ABOUT_RETURN_TYPE = YES_ERROR;
				GCC_WARN_UNDECLARED_SELECTOR = YES;
				GCC_WARN_UNINITIALIZED_AUTOS = YES_AGGRESSIVE;
				GCC_WARN_UNUSED_FUNCTION = YES;
				GCC_WARN_UNUSED_VARIABLE = YES;
				MACOSX_DEPLOYMENT_TARGET = 10.11;
				MTL_ENABLE_DEBUG_INFO = YES;
				ONLY_ACTIVE_ARCH = YES;
				SDKROOT = macosx;
				SWIFT_OPTIMIZATION_LEVEL = "-Onone";
				VERSIONING_SYSTEM = "apple-generic";
				VERSION_INFO_PREFIX = "";
			};
			name = Debug;
		};
		BEDE05DD1CA05C4F00D04EF7 /* Release */ = {
			isa = XCBuildConfiguration;
			buildSettings = {
				ALWAYS_SEARCH_USER_PATHS = NO;
				CLANG_CXX_LANGUAGE_STANDARD = "gnu++0x";
				CLANG_CXX_LIBRARY = "libc++";
				CLANG_ENABLE_MODULES = YES;
				CLANG_ENABLE_OBJC_ARC = YES;
				CLANG_WARN_BOOL_CONVERSION = YES;
				CLANG_WARN_CONSTANT_CONVERSION = YES;
				CLANG_WARN_DIRECT_OBJC_ISA_USAGE = YES_ERROR;
				CLANG_WARN_EMPTY_BODY = YES;
				CLANG_WARN_ENUM_CONVERSION = YES;
				CLANG_WARN_INT_CONVERSION = YES;
				CLANG_WARN_OBJC_ROOT_CLASS = YES_ERROR;
				CLANG_WARN_UNREACHABLE_CODE = YES;
				CLANG_WARN__DUPLICATE_METHOD_MATCH = YES;
				CODE_SIGN_IDENTITY = "-";
				COPY_PHASE_STRIP = NO;
				CURRENT_PROJECT_VERSION = 1;
				DEBUG_INFORMATION_FORMAT = "dwarf-with-dsym";
				ENABLE_NS_ASSERTIONS = NO;
				ENABLE_STRICT_OBJC_MSGSEND = YES;
				GCC_C_LANGUAGE_STANDARD = gnu99;
				GCC_NO_COMMON_BLOCKS = YES;
				GCC_WARN_64_TO_32_BIT_CONVERSION = YES;
				GCC_WARN_ABOUT_RETURN_TYPE = YES_ERROR;
				GCC_WARN_UNDECLARED_SELECTOR = YES;
				GCC_WARN_UNINITIALIZED_AUTOS = YES_AGGRESSIVE;
				GCC_WARN_UNUSED_FUNCTION = YES;
				GCC_WARN_UNUSED_VARIABLE = YES;
				MACOSX_DEPLOYMENT_TARGET = 10.11;
				MTL_ENABLE_DEBUG_INFO = NO;
				SDKROOT = macosx;
				VERSIONING_SYSTEM = "apple-generic";
				VERSION_INFO_PREFIX = "";
			};
			name = Release;
		};
		BEDE05DF1CA05C4F00D04EF7 /* Debug */ = {
			isa = XCBuildConfiguration;
			buildSettings = {
				APPLICATION_EXTENSION_API_ONLY = YES;
				CLANG_ENABLE_MODULES = YES;
				COMBINE_HIDPI_IMAGES = YES;
				DEFINES_MODULE = YES;
				DYLIB_COMPATIBILITY_VERSION = 1;
				DYLIB_CURRENT_VERSION = 1;
				DYLIB_INSTALL_NAME_BASE = "@rpath";
				FRAMEWORK_VERSION = A;
				INFOPLIST_FILE = Resources/Info.plist;
				INSTALL_PATH = "$(LOCAL_LIBRARY_DIR)/Frameworks";
				LD_RUNPATH_SEARCH_PATHS = "$(inherited) @executable_path/../Frameworks @loader_path/Frameworks";
				MACOSX_DEPLOYMENT_TARGET = 10.10;
				PRODUCT_BUNDLE_IDENTIFIER = com.dreymonde.Vocabulaire;
				PRODUCT_NAME = Vocabulaire;
				SKIP_INSTALL = YES;
				SWIFT_OPTIMIZATION_LEVEL = "-Owholemodule";
			};
			name = Debug;
		};
		BEDE05E01CA05C4F00D04EF7 /* Release */ = {
			isa = XCBuildConfiguration;
			buildSettings = {
				APPLICATION_EXTENSION_API_ONLY = YES;
				CLANG_ENABLE_MODULES = YES;
				COMBINE_HIDPI_IMAGES = YES;
				DEFINES_MODULE = YES;
				DYLIB_COMPATIBILITY_VERSION = 1;
				DYLIB_CURRENT_VERSION = 1;
				DYLIB_INSTALL_NAME_BASE = "@rpath";
				FRAMEWORK_VERSION = A;
				INFOPLIST_FILE = Resources/Info.plist;
				INSTALL_PATH = "$(LOCAL_LIBRARY_DIR)/Frameworks";
				LD_RUNPATH_SEARCH_PATHS = "$(inherited) @executable_path/../Frameworks @loader_path/Frameworks";
				MACOSX_DEPLOYMENT_TARGET = 10.10;
				PRODUCT_BUNDLE_IDENTIFIER = com.dreymonde.Vocabulaire;
				PRODUCT_NAME = Vocabulaire;
				SKIP_INSTALL = YES;
			};
			name = Release;
		};
		BEDE05E21CA05C4F00D04EF7 /* Debug */ = {
			isa = XCBuildConfiguration;
			buildSettings = {
				COMBINE_HIDPI_IMAGES = YES;
				INFOPLIST_FILE = Tests/Info.plist;
				LD_RUNPATH_SEARCH_PATHS = "$(inherited) @executable_path/../Frameworks @loader_path/../Frameworks";
				PRODUCT_BUNDLE_IDENTIFIER = com.dreymonde.VocabulaireTests;
				PRODUCT_NAME = VocabulaireTests;
			};
			name = Debug;
		};
		BEDE05E31CA05C4F00D04EF7 /* Release */ = {
			isa = XCBuildConfiguration;
			buildSettings = {
				COMBINE_HIDPI_IMAGES = YES;
				INFOPLIST_FILE = Tests/Info.plist;
				LD_RUNPATH_SEARCH_PATHS = "$(inherited) @executable_path/../Frameworks @loader_path/../Frameworks";
				PRODUCT_BUNDLE_IDENTIFIER = com.dreymonde.VocabulaireTests;
				PRODUCT_NAME = VocabulaireTests;
			};
			name = Release;
		};
/* End XCBuildConfiguration section */

/* Begin XCConfigurationList section */
		BEAC67881CA2B930004D2EFE /* Build configuration list for PBXNativeTarget "Vocabulaire iOS" */ = {
			isa = XCConfigurationList;
			buildConfigurations = (
				BEAC67891CA2B930004D2EFE /* Debug */,
				BEAC678A1CA2B930004D2EFE /* Release */,
			);
			defaultConfigurationIsVisible = 0;
			defaultConfigurationName = Release;
		};
		BEAC678B1CA2B930004D2EFE /* Build configuration list for PBXNativeTarget "Vocabulaire iOSTests" */ = {
			isa = XCConfigurationList;
			buildConfigurations = (
				BEAC678C1CA2B930004D2EFE /* Debug */,
				BEAC678D1CA2B930004D2EFE /* Release */,
			);
			defaultConfigurationIsVisible = 0;
			defaultConfigurationName = Release;
		};
		BEAC67A61CA2BB5C004D2EFE /* Build configuration list for PBXNativeTarget "Vocabulaire watchOS" */ = {
			isa = XCConfigurationList;
			buildConfigurations = (
				BEAC67A41CA2BB5C004D2EFE /* Debug */,
				BEAC67A51CA2BB5C004D2EFE /* Release */,
			);
			defaultConfigurationIsVisible = 0;
			defaultConfigurationName = Release;
		};
		BEDE05C41CA05C4E00D04EF7 /* Build configuration list for PBXProject "Vocabulaire" */ = {
			isa = XCConfigurationList;
			buildConfigurations = (
				BEDE05DC1CA05C4F00D04EF7 /* Debug */,
				BEDE05DD1CA05C4F00D04EF7 /* Release */,
			);
			defaultConfigurationIsVisible = 0;
			defaultConfigurationName = Release;
		};
		BEDE05DE1CA05C4F00D04EF7 /* Build configuration list for PBXNativeTarget "Vocabulaire" */ = {
			isa = XCConfigurationList;
			buildConfigurations = (
				BEDE05DF1CA05C4F00D04EF7 /* Debug */,
				BEDE05E01CA05C4F00D04EF7 /* Release */,
			);
			defaultConfigurationIsVisible = 0;
			defaultConfigurationName = Release;
		};
		BEDE05E11CA05C4F00D04EF7 /* Build configuration list for PBXNativeTarget "VocabulaireTests" */ = {
			isa = XCConfigurationList;
			buildConfigurations = (
				BEDE05E21CA05C4F00D04EF7 /* Debug */,
				BEDE05E31CA05C4F00D04EF7 /* Release */,
			);
			defaultConfigurationIsVisible = 0;
			defaultConfigurationName = Release;
		};
/* End XCConfigurationList section */
	};
	rootObject = BEDE05C11CA05C4E00D04EF7 /* Project object */;
}
